// !$*UTF8*$!
{
	archiveVersion = 1;
	classes = {
	};
	objectVersion = 48;
	objects = {

/* Begin PBXBuildFile section */
		0D09FEBE1FD6EFAF00C5CA17 /* DrawingView.swift in Sources */ = {isa = PBXBuildFile; fileRef = 0D09FEBD1FD6EFAF00C5CA17 /* DrawingView.swift */; };
		0D1DBB3C1FCF0026000831DE /* InternetMasterViewController.swift in Sources */ = {isa = PBXBuildFile; fileRef = 0D1DBB3B1FCF0026000831DE /* InternetMasterViewController.swift */; };
		0D1DBB3F1FCF0B2A000831DE /* WebKit.framework in Frameworks */ = {isa = PBXBuildFile; fileRef = 0D1DBB3E1FCF0B2A000831DE /* WebKit.framework */; };
		0D5DBE421FA21FAE00302061 /* AppDelegate.swift in Sources */ = {isa = PBXBuildFile; fileRef = 0D5DBE411FA21FAE00302061 /* AppDelegate.swift */; };
		0D5DBE441FA21FAE00302061 /* ViewController.swift in Sources */ = {isa = PBXBuildFile; fileRef = 0D5DBE431FA21FAE00302061 /* ViewController.swift */; };
		0D5DBE471FA21FAE00302061 /* Main.storyboard in Resources */ = {isa = PBXBuildFile; fileRef = 0D5DBE451FA21FAE00302061 /* Main.storyboard */; };
		0D5DBE491FA21FAE00302061 /* Assets.xcassets in Resources */ = {isa = PBXBuildFile; fileRef = 0D5DBE481FA21FAE00302061 /* Assets.xcassets */; };
		0D5DBE4C1FA21FAE00302061 /* LaunchScreen.storyboard in Resources */ = {isa = PBXBuildFile; fileRef = 0D5DBE4A1FA21FAE00302061 /* LaunchScreen.storyboard */; };
		0D5DBE581FA2230600302061 /* CreativityViewController.swift in Sources */ = {isa = PBXBuildFile; fileRef = 0D5DBE571FA2230600302061 /* CreativityViewController.swift */; };
		0D5DBE5A1FA2236100302061 /* AbstractionViewController.swift in Sources */ = {isa = PBXBuildFile; fileRef = 0D5DBE591FA2236100302061 /* AbstractionViewController.swift */; };
		0D5DBE5C1FA223A100302061 /* DataViewController.swift in Sources */ = {isa = PBXBuildFile; fileRef = 0D5DBE5B1FA223A100302061 /* DataViewController.swift */; };
		0D5DBE5E1FA223F200302061 /* AlgorithmsViewController.swift in Sources */ = {isa = PBXBuildFile; fileRef = 0D5DBE5D1FA223F200302061 /* AlgorithmsViewController.swift */; };
		0D5DBE601FA2244200302061 /* ProgrammingViewController.swift in Sources */ = {isa = PBXBuildFile; fileRef = 0D5DBE5F1FA2244200302061 /* ProgrammingViewController.swift */; };
		0D5DBE621FA2247400302061 /* InternetDetailViewController.swift in Sources */ = {isa = PBXBuildFile; fileRef = 0D5DBE611FA2247400302061 /* InternetDetailViewController.swift */; };
		0D5DBE641FA2252800302061 /* GlobalImpactViewController.swift in Sources */ = {isa = PBXBuildFile; fileRef = 0D5DBE631FA2252800302061 /* GlobalImpactViewController.swift */; };
		0DB4FA381FD99CAB00913319 /* ArtCell.swift in Sources */ = {isa = PBXBuildFile; fileRef = 0DB4FA371FD99CAB00913319 /* ArtCell.swift */; };
		0DE71C671FE176C000D6FCAD /* Utilities.swift in Sources */ = {isa = PBXBuildFile; fileRef = 0DE71C661FE176C000D6FCAD /* Utilities.swift */; };
		0DE71C6D1FE1776300D6FCAD /* InvaderLaser.swift in Sources */ = {isa = PBXBuildFile; fileRef = 0DE71C681FE1776300D6FCAD /* InvaderLaser.swift */; };
		0DE71C6E1FE1776300D6FCAD /* Invader.swift in Sources */ = {isa = PBXBuildFile; fileRef = 0DE71C691FE1776300D6FCAD /* Invader.swift */; };
		0DE71C6F1FE1776300D6FCAD /* Player.swift in Sources */ = {isa = PBXBuildFile; fileRef = 0DE71C6A1FE1776300D6FCAD /* Player.swift */; };
		0DE71C701FE1776300D6FCAD /* PlayerLaser.swift in Sources */ = {isa = PBXBuildFile; fileRef = 0DE71C6B1FE1776300D6FCAD /* PlayerLaser.swift */; };
		0DE71C711FE1776300D6FCAD /* Projectile.swift in Sources */ = {isa = PBXBuildFile; fileRef = 0DE71C6C1FE1776300D6FCAD /* Projectile.swift */; };
		0DE71C731FE177E500D6FCAD /* StarField.sks in Resources */ = {isa = PBXBuildFile; fileRef = 0DE71C721FE177E500D6FCAD /* StarField.sks */; };
		0DE71C771FE181E400D6FCAD /* LevelCompleteScene.swift in Sources */ = {isa = PBXBuildFile; fileRef = 0DE71C741FE181E400D6FCAD /* LevelCompleteScene.swift */; };
		0DE71C781FE181E400D6FCAD /* GameScene.swift in Sources */ = {isa = PBXBuildFile; fileRef = 0DE71C751FE181E400D6FCAD /* GameScene.swift */; };
		0DE71C791FE181E400D6FCAD /* StartScene.swift in Sources */ = {isa = PBXBuildFile; fileRef = 0DE71C761FE181E400D6FCAD /* StartScene.swift */; };
		0DE7E51C1FC32AAE00B21C4E /* Colorable.swift in Sources */ = {isa = PBXBuildFile; fileRef = 0DE7E51B1FC32AAE00B21C4E /* Colorable.swift */; };
		0DE7E51E1FC32B9400B21C4E /* Drawing.swift in Sources */ = {isa = PBXBuildFile; fileRef = 0DE7E51D1FC32B9400B21C4E /* Drawing.swift */; };
/* End PBXBuildFile section */

/* Begin PBXFileReference section */
		0D09FEBD1FD6EFAF00C5CA17 /* DrawingView.swift */ = {isa = PBXFileReference; lastKnownFileType = sourcecode.swift; path = DrawingView.swift; sourceTree = "<group>"; };
		0D1DBB3B1FCF0026000831DE /* InternetMasterViewController.swift */ = {isa = PBXFileReference; lastKnownFileType = sourcecode.swift; path = InternetMasterViewController.swift; sourceTree = "<group>"; };
		0D1DBB3E1FCF0B2A000831DE /* WebKit.framework */ = {isa = PBXFileReference; lastKnownFileType = wrapper.framework; name = WebKit.framework; path = System/Library/Frameworks/WebKit.framework; sourceTree = SDKROOT; };
		0D5DBE3E1FA21FAE00302061 /* MatthewJ_CSP.app */ = {isa = PBXFileReference; explicitFileType = wrapper.application; includeInIndex = 0; path = MatthewJ_CSP.app; sourceTree = BUILT_PRODUCTS_DIR; };
		0D5DBE411FA21FAE00302061 /* AppDelegate.swift */ = {isa = PBXFileReference; lastKnownFileType = sourcecode.swift; path = AppDelegate.swift; sourceTree = "<group>"; };
		0D5DBE431FA21FAE00302061 /* ViewController.swift */ = {isa = PBXFileReference; lastKnownFileType = sourcecode.swift; path = ViewController.swift; sourceTree = "<group>"; };
		0D5DBE461FA21FAE00302061 /* Base */ = {isa = PBXFileReference; lastKnownFileType = file.storyboard; name = Base; path = Base.lproj/Main.storyboard; sourceTree = "<group>"; };
		0D5DBE481FA21FAE00302061 /* Assets.xcassets */ = {isa = PBXFileReference; lastKnownFileType = folder.assetcatalog; path = Assets.xcassets; sourceTree = "<group>"; };
		0D5DBE4B1FA21FAE00302061 /* Base */ = {isa = PBXFileReference; lastKnownFileType = file.storyboard; name = Base; path = Base.lproj/LaunchScreen.storyboard; sourceTree = "<group>"; };
		0D5DBE4D1FA21FAE00302061 /* Info.plist */ = {isa = PBXFileReference; lastKnownFileType = text.plist.xml; path = Info.plist; sourceTree = "<group>"; };
		0D5DBE571FA2230600302061 /* CreativityViewController.swift */ = {isa = PBXFileReference; lastKnownFileType = sourcecode.swift; path = CreativityViewController.swift; sourceTree = "<group>"; };
		0D5DBE591FA2236100302061 /* AbstractionViewController.swift */ = {isa = PBXFileReference; lastKnownFileType = sourcecode.swift; path = AbstractionViewController.swift; sourceTree = "<group>"; };
		0D5DBE5B1FA223A100302061 /* DataViewController.swift */ = {isa = PBXFileReference; lastKnownFileType = sourcecode.swift; path = DataViewController.swift; sourceTree = "<group>"; };
		0D5DBE5D1FA223F200302061 /* AlgorithmsViewController.swift */ = {isa = PBXFileReference; lastKnownFileType = sourcecode.swift; path = AlgorithmsViewController.swift; sourceTree = "<group>"; };
		0D5DBE5F1FA2244200302061 /* ProgrammingViewController.swift */ = {isa = PBXFileReference; lastKnownFileType = sourcecode.swift; path = ProgrammingViewController.swift; sourceTree = "<group>"; };
		0D5DBE611FA2247400302061 /* InternetDetailViewController.swift */ = {isa = PBXFileReference; lastKnownFileType = sourcecode.swift; path = InternetDetailViewController.swift; sourceTree = "<group>"; };
		0D5DBE631FA2252800302061 /* GlobalImpactViewController.swift */ = {isa = PBXFileReference; lastKnownFileType = sourcecode.swift; path = GlobalImpactViewController.swift; sourceTree = "<group>"; };
		0DB4FA371FD99CAB00913319 /* ArtCell.swift */ = {isa = PBXFileReference; lastKnownFileType = sourcecode.swift; path = ArtCell.swift; sourceTree = "<group>"; };
		0DE71C661FE176C000D6FCAD /* Utilities.swift */ = {isa = PBXFileReference; fileEncoding = 4; lastKnownFileType = sourcecode.swift; path = Utilities.swift; sourceTree = "<group>"; };
		0DE71C681FE1776300D6FCAD /* InvaderLaser.swift */ = {isa = PBXFileReference; fileEncoding = 4; lastKnownFileType = sourcecode.swift; path = InvaderLaser.swift; sourceTree = "<group>"; };
		0DE71C691FE1776300D6FCAD /* Invader.swift */ = {isa = PBXFileReference; fileEncoding = 4; lastKnownFileType = sourcecode.swift; path = Invader.swift; sourceTree = "<group>"; };
		0DE71C6A1FE1776300D6FCAD /* Player.swift */ = {isa = PBXFileReference; fileEncoding = 4; lastKnownFileType = sourcecode.swift; path = Player.swift; sourceTree = "<group>"; };
		0DE71C6B1FE1776300D6FCAD /* PlayerLaser.swift */ = {isa = PBXFileReference; fileEncoding = 4; lastKnownFileType = sourcecode.swift; path = PlayerLaser.swift; sourceTree = "<group>"; };
		0DE71C6C1FE1776300D6FCAD /* Projectile.swift */ = {isa = PBXFileReference; fileEncoding = 4; lastKnownFileType = sourcecode.swift; path = Projectile.swift; sourceTree = "<group>"; };
		0DE71C721FE177E500D6FCAD /* StarField.sks */ = {isa = PBXFileReference; lastKnownFileType = file.sks; path = StarField.sks; sourceTree = "<group>"; };
		0DE71C741FE181E400D6FCAD /* LevelCompleteScene.swift */ = {isa = PBXFileReference; lastKnownFileType = sourcecode.swift; path = LevelCompleteScene.swift; sourceTree = "<group>"; };
		0DE71C751FE181E400D6FCAD /* GameScene.swift */ = {isa = PBXFileReference; lastKnownFileType = sourcecode.swift; path = GameScene.swift; sourceTree = "<group>"; };
		0DE71C761FE181E400D6FCAD /* StartScene.swift */ = {isa = PBXFileReference; lastKnownFileType = sourcecode.swift; path = StartScene.swift; sourceTree = "<group>"; };
		0DE71C7B1FE187BA00D6FCAD /* powerup sound.mp3 */ = {isa = PBXFileReference; lastKnownFileType = audio.mp3; path = "powerup sound.mp3"; sourceTree = "<group>"; };
		0DE71C7C1FE187BA00D6FCAD /* laser sound.mp3 */ = {isa = PBXFileReference; lastKnownFileType = audio.mp3; path = "laser sound.mp3"; sourceTree = "<group>"; };
		0DE71C7D1FE187BA00D6FCAD /* extra sound.mp3 */ = {isa = PBXFileReference; lastKnownFileType = audio.mp3; path = "extra sound.mp3"; sourceTree = "<group>"; };
		0DE71C7E1FE187BA00D6FCAD /* boss sound.mp3 */ = {isa = PBXFileReference; lastKnownFileType = audio.mp3; path = "boss sound.mp3"; sourceTree = "<group>"; };
		0DE71C7F1FE187BB00D6FCAD /* invader sound.mp3 */ = {isa = PBXFileReference; lastKnownFileType = audio.mp3; path = "invader sound.mp3"; sourceTree = "<group>"; };
		0DE7E51B1FC32AAE00B21C4E /* Colorable.swift */ = {isa = PBXFileReference; lastKnownFileType = sourcecode.swift; path = Colorable.swift; sourceTree = "<group>"; };
		0DE7E51D1FC32B9400B21C4E /* Drawing.swift */ = {isa = PBXFileReference; lastKnownFileType = sourcecode.swift; path = Drawing.swift; sourceTree = "<group>"; };
/* End PBXFileReference section */

/* Begin PBXFrameworksBuildPhase section */
		0D5DBE3B1FA21FAE00302061 /* Frameworks */ = {
			isa = PBXFrameworksBuildPhase;
			buildActionMask = 2147483647;
			files = (
				0D1DBB3F1FCF0B2A000831DE /* WebKit.framework in Frameworks */,
			);
			runOnlyForDeploymentPostprocessing = 0;
		};
/* End PBXFrameworksBuildPhase section */

/* Begin PBXGroup section */
		0D1DBB3D1FCF0B2A000831DE /* Frameworks */ = {
			isa = PBXGroup;
			children = (
				0D1DBB3E1FCF0B2A000831DE /* WebKit.framework */,
			);
			name = Frameworks;
			sourceTree = "<group>";
		};
		0D5DBE351FA21FAE00302061 = {
			isa = PBXGroup;
			children = (
				0D5DBE401FA21FAE00302061 /* MatthewJ_CSP */,
				0D5DBE3F1FA21FAE00302061 /* Products */,
				0D1DBB3D1FCF0B2A000831DE /* Frameworks */,
			);
			sourceTree = "<group>";
		};
		0D5DBE3F1FA21FAE00302061 /* Products */ = {
			isa = PBXGroup;
			children = (
				0D5DBE3E1FA21FAE00302061 /* MatthewJ_CSP.app */,
			);
			name = Products;
			sourceTree = "<group>";
		};
		0D5DBE401FA21FAE00302061 /* MatthewJ_CSP */ = {
			isa = PBXGroup;
			children = (
				0D5DBE551FA21FE000302061 /* Controller */,
				0D5DBE561FA2204200302061 /* Model */,
				0D5DBE531FA21FC300302061 /* View */,
				0D5DBE541FA21FD500302061 /* Resources */,
			);
			path = MatthewJ_CSP;
			sourceTree = "<group>";
		};
		0D5DBE531FA21FC300302061 /* View */ = {
			isa = PBXGroup;
			children = (
				0DE71C721FE177E500D6FCAD /* StarField.sks */,
				0D5DBE4A1FA21FAE00302061 /* LaunchScreen.storyboard */,
				0D5DBE451FA21FAE00302061 /* Main.storyboard */,
				0D09FEBD1FD6EFAF00C5CA17 /* DrawingView.swift */,
			);
			path = View;
			sourceTree = "<group>";
		};
		0D5DBE541FA21FD500302061 /* Resources */ = {
			isa = PBXGroup;
			children = (
				0DE71C801FE187CA00D6FCAD /* Sounds */,
				0DE71C661FE176C000D6FCAD /* Utilities.swift */,
				0D5DBE481FA21FAE00302061 /* Assets.xcassets */,
				0D5DBE4D1FA21FAE00302061 /* Info.plist */,
			);
			path = Resources;
			sourceTree = "<group>";
		};
		0D5DBE551FA21FE000302061 /* Controller */ = {
			isa = PBXGroup;
			children = (
				0DE71C7A1FE1821200D6FCAD /* GameController */,
				0D5DBE411FA21FAE00302061 /* AppDelegate.swift */,
				0D5DBE431FA21FAE00302061 /* ViewController.swift */,
				0D5DBE571FA2230600302061 /* CreativityViewController.swift */,
				0D5DBE591FA2236100302061 /* AbstractionViewController.swift */,
				0D5DBE5B1FA223A100302061 /* DataViewController.swift */,
				0D5DBE5D1FA223F200302061 /* AlgorithmsViewController.swift */,
				0D5DBE5F1FA2244200302061 /* ProgrammingViewController.swift */,
				0D5DBE611FA2247400302061 /* InternetDetailViewController.swift */,
				0D5DBE631FA2252800302061 /* GlobalImpactViewController.swift */,
				0D1DBB3B1FCF0026000831DE /* InternetMasterViewController.swift */,
				0DB4FA371FD99CAB00913319 /* ArtCell.swift */,
			);
			path = Controller;
			sourceTree = "<group>";
		};
		0D5DBE561FA2204200302061 /* Model */ = {
			isa = PBXGroup;
			children = (
				0DE71C691FE1776300D6FCAD /* Invader.swift */,
				0DE71C681FE1776300D6FCAD /* InvaderLaser.swift */,
				0DE71C6A1FE1776300D6FCAD /* Player.swift */,
				0DE71C6B1FE1776300D6FCAD /* PlayerLaser.swift */,
				0DE71C6C1FE1776300D6FCAD /* Projectile.swift */,
				0DE7E51B1FC32AAE00B21C4E /* Colorable.swift */,
				0DE7E51D1FC32B9400B21C4E /* Drawing.swift */,
			);
			path = Model;
			sourceTree = "<group>";
		};
		0DE71C7A1FE1821200D6FCAD /* GameController */ = {
			isa = PBXGroup;
			children = (
				0DE71C751FE181E400D6FCAD /* GameScene.swift */,
				0DE71C741FE181E400D6FCAD /* LevelCompleteScene.swift */,
				0DE71C761FE181E400D6FCAD /* StartScene.swift */,
			);
			path = GameController;
			sourceTree = "<group>";
		};
		0DE71C801FE187CA00D6FCAD /* Sounds */ = {
			isa = PBXGroup;
			children = (
				0DE71C7E1FE187BA00D6FCAD /* boss sound.mp3 */,
				0DE71C7D1FE187BA00D6FCAD /* extra sound.mp3 */,
				0DE71C7F1FE187BB00D6FCAD /* invader sound.mp3 */,
				0DE71C7C1FE187BA00D6FCAD /* laser sound.mp3 */,
				0DE71C7B1FE187BA00D6FCAD /* powerup sound.mp3 */,
			);
			path = Sounds;
			sourceTree = "<group>";
		};
/* End PBXGroup section */

/* Begin PBXNativeTarget section */
		0D5DBE3D1FA21FAE00302061 /* MatthewJ_CSP */ = {
			isa = PBXNativeTarget;
			buildConfigurationList = 0D5DBE501FA21FAE00302061 /* Build configuration list for PBXNativeTarget "MatthewJ_CSP" */;
			buildPhases = (
				0D5DBE3A1FA21FAE00302061 /* Sources */,
				0D5DBE3B1FA21FAE00302061 /* Frameworks */,
				0D5DBE3C1FA21FAE00302061 /* Resources */,
			);
			buildRules = (
			);
			dependencies = (
			);
			name = MatthewJ_CSP;
			productName = MatthewJ_CSP;
			productReference = 0D5DBE3E1FA21FAE00302061 /* MatthewJ_CSP.app */;
			productType = "com.apple.product-type.application";
		};
/* End PBXNativeTarget section */

/* Begin PBXProject section */
		0D5DBE361FA21FAE00302061 /* Project object */ = {
			isa = PBXProject;
			attributes = {
				LastSwiftUpdateCheck = 0900;
				LastUpgradeCheck = 0900;
				ORGANIZATIONNAME = CTEC;
				TargetAttributes = {
					0D5DBE3D1FA21FAE00302061 = {
						CreatedOnToolsVersion = 9.0;
						ProvisioningStyle = Automatic;
					};
				};
			};
			buildConfigurationList = 0D5DBE391FA21FAE00302061 /* Build configuration list for PBXProject "MatthewJ_CSP" */;
			compatibilityVersion = "Xcode 8.0";
			developmentRegion = en;
			hasScannedForEncodings = 0;
			knownRegions = (
				en,
				Base,
			);
			mainGroup = 0D5DBE351FA21FAE00302061;
			productRefGroup = 0D5DBE3F1FA21FAE00302061 /* Products */;
			projectDirPath = "";
			projectRoot = "";
			targets = (
				0D5DBE3D1FA21FAE00302061 /* MatthewJ_CSP */,
			);
		};
/* End PBXProject section */

/* Begin PBXResourcesBuildPhase section */
		0D5DBE3C1FA21FAE00302061 /* Resources */ = {
			isa = PBXResourcesBuildPhase;
			buildActionMask = 2147483647;
			files = (
				0DE71C731FE177E500D6FCAD /* StarField.sks in Resources */,
				0D5DBE4C1FA21FAE00302061 /* LaunchScreen.storyboard in Resources */,
				0D5DBE491FA21FAE00302061 /* Assets.xcassets in Resources */,
				0D5DBE471FA21FAE00302061 /* Main.storyboard in Resources */,
			);
			runOnlyForDeploymentPostprocessing = 0;
		};
/* End PBXResourcesBuildPhase section */

/* Begin PBXSourcesBuildPhase section */
		0D5DBE3A1FA21FAE00302061 /* Sources */ = {
			isa = PBXSourcesBuildPhase;
			buildActionMask = 2147483647;
			files = (
				0DE71C791FE181E400D6FCAD /* StartScene.swift in Sources */,
				0DE71C711FE1776300D6FCAD /* Projectile.swift in Sources */,
				0D5DBE441FA21FAE00302061 /* ViewController.swift in Sources */,
				0DE71C6E1FE1776300D6FCAD /* Invader.swift in Sources */,
				0DB4FA381FD99CAB00913319 /* ArtCell.swift in Sources */,
				0D1DBB3C1FCF0026000831DE /* InternetMasterViewController.swift in Sources */,
				0DE71C671FE176C000D6FCAD /* Utilities.swift in Sources */,
				0D5DBE601FA2244200302061 /* ProgrammingViewController.swift in Sources */,
				0D5DBE421FA21FAE00302061 /* AppDelegate.swift in Sources */,
				0DE7E51C1FC32AAE00B21C4E /* Colorable.swift in Sources */,
				0D09FEBE1FD6EFAF00C5CA17 /* DrawingView.swift in Sources */,
				0D5DBE5C1FA223A100302061 /* DataViewController.swift in Sources */,
				0D5DBE581FA2230600302061 /* CreativityViewController.swift in Sources */,
				0D5DBE5E1FA223F200302061 /* AlgorithmsViewController.swift in Sources */,
				0DE71C701FE1776300D6FCAD /* PlayerLaser.swift in Sources */,
				0D5DBE5A1FA2236100302061 /* AbstractionViewController.swift in Sources */,
				0D5DBE621FA2247400302061 /* InternetDetailViewController.swift in Sources */,
				0DE71C781FE181E400D6FCAD /* GameScene.swift in Sources */,
				0DE71C771FE181E400D6FCAD /* LevelCompleteScene.swift in Sources */,
				0DE71C6D1FE1776300D6FCAD /* InvaderLaser.swift in Sources */,
				0D5DBE641FA2252800302061 /* GlobalImpactViewController.swift in Sources */,
				0DE71C6F1FE1776300D6FCAD /* Player.swift in Sources */,
				0DE7E51E1FC32B9400B21C4E /* Drawing.swift in Sources */,
			);
			runOnlyForDeploymentPostprocessing = 0;
		};
/* End PBXSourcesBuildPhase section */

/* Begin PBXVariantGroup section */
		0D5DBE451FA21FAE00302061 /* Main.storyboard */ = {
			isa = PBXVariantGroup;
			children = (
				0D5DBE461FA21FAE00302061 /* Base */,
			);
			name = Main.storyboard;
			sourceTree = "<group>";
		};
		0D5DBE4A1FA21FAE00302061 /* LaunchScreen.storyboard */ = {
			isa = PBXVariantGroup;
			children = (
				0D5DBE4B1FA21FAE00302061 /* Base */,
			);
			name = LaunchScreen.storyboard;
			sourceTree = "<group>";
		};
/* End PBXVariantGroup section */

/* Begin XCBuildConfiguration section */
		0D5DBE4E1FA21FAE00302061 /* Debug */ = {
			isa = XCBuildConfiguration;
			buildSettings = {
				ALWAYS_SEARCH_USER_PATHS = NO;
				CLANG_ANALYZER_NONNULL = YES;
				CLANG_ANALYZER_NUMBER_OBJECT_CONVERSION = YES_AGGRESSIVE;
				CLANG_CXX_LANGUAGE_STANDARD = "gnu++14";
				CLANG_CXX_LIBRARY = "libc++";
				CLANG_ENABLE_MODULES = YES;
				CLANG_ENABLE_OBJC_ARC = YES;
				CLANG_WARN_BLOCK_CAPTURE_AUTORELEASING = YES;
				CLANG_WARN_BOOL_CONVERSION = YES;
				CLANG_WARN_COMMA = YES;
				CLANG_WARN_CONSTANT_CONVERSION = YES;
				CLANG_WARN_DIRECT_OBJC_ISA_USAGE = YES_ERROR;
				CLANG_WARN_DOCUMENTATION_COMMENTS = YES;
				CLANG_WARN_EMPTY_BODY = YES;
				CLANG_WARN_ENUM_CONVERSION = YES;
				CLANG_WARN_INFINITE_RECURSION = YES;
				CLANG_WARN_INT_CONVERSION = YES;
				CLANG_WARN_NON_LITERAL_NULL_CONVERSION = YES;
				CLANG_WARN_OBJC_LITERAL_CONVERSION = YES;
				CLANG_WARN_OBJC_ROOT_CLASS = YES_ERROR;
				CLANG_WARN_RANGE_LOOP_ANALYSIS = YES;
				CLANG_WARN_STRICT_PROTOTYPES = YES;
				CLANG_WARN_SUSPICIOUS_MOVE = YES;
				CLANG_WARN_UNGUARDED_AVAILABILITY = YES_AGGRESSIVE;
				CLANG_WARN_UNREACHABLE_CODE = YES;
				CLANG_WARN__DUPLICATE_METHOD_MATCH = YES;
				CODE_SIGN_IDENTITY = "iPhone Developer";
				COPY_PHASE_STRIP = NO;
				DEBUG_INFORMATION_FORMAT = dwarf;
				ENABLE_STRICT_OBJC_MSGSEND = YES;
				ENABLE_TESTABILITY = YES;
				GCC_C_LANGUAGE_STANDARD = gnu11;
				GCC_DYNAMIC_NO_PIC = NO;
				GCC_NO_COMMON_BLOCKS = YES;
				GCC_OPTIMIZATION_LEVEL = 0;
				GCC_PREPROCESSOR_DEFINITIONS = (
					"DEBUG=1",
					"$(inherited)",
				);
				GCC_WARN_64_TO_32_BIT_CONVERSION = YES;
				GCC_WARN_ABOUT_RETURN_TYPE = YES_ERROR;
				GCC_WARN_UNDECLARED_SELECTOR = YES;
				GCC_WARN_UNINITIALIZED_AUTOS = YES_AGGRESSIVE;
				GCC_WARN_UNUSED_FUNCTION = YES;
				GCC_WARN_UNUSED_VARIABLE = YES;
				IPHONEOS_DEPLOYMENT_TARGET = 11.0;
				MTL_ENABLE_DEBUG_INFO = YES;
				ONLY_ACTIVE_ARCH = YES;
				SDKROOT = iphoneos;
				SWIFT_ACTIVE_COMPILATION_CONDITIONS = DEBUG;
				SWIFT_OPTIMIZATION_LEVEL = "-Onone";
			};
			name = Debug;
		};
		0D5DBE4F1FA21FAE00302061 /* Release */ = {
			isa = XCBuildConfiguration;
			buildSettings = {
				ALWAYS_SEARCH_USER_PATHS = NO;
				CLANG_ANALYZER_NONNULL = YES;
				CLANG_ANALYZER_NUMBER_OBJECT_CONVERSION = YES_AGGRESSIVE;
				CLANG_CXX_LANGUAGE_STANDARD = "gnu++14";
				CLANG_CXX_LIBRARY = "libc++";
				CLANG_ENABLE_MODULES = YES;
				CLANG_ENABLE_OBJC_ARC = YES;
				CLANG_WARN_BLOCK_CAPTURE_AUTORELEASING = YES;
				CLANG_WARN_BOOL_CONVERSION = YES;
				CLANG_WARN_COMMA = YES;
				CLANG_WARN_CONSTANT_CONVERSION = YES;
				CLANG_WARN_DIRECT_OBJC_ISA_USAGE = YES_ERROR;
				CLANG_WARN_DOCUMENTATION_COMMENTS = YES;
				CLANG_WARN_EMPTY_BODY = YES;
				CLANG_WARN_ENUM_CONVERSION = YES;
				CLANG_WARN_INFINITE_RECURSION = YES;
				CLANG_WARN_INT_CONVERSION = YES;
				CLANG_WARN_NON_LITERAL_NULL_CONVERSION = YES;
				CLANG_WARN_OBJC_LITERAL_CONVERSION = YES;
				CLANG_WARN_OBJC_ROOT_CLASS = YES_ERROR;
				CLANG_WARN_RANGE_LOOP_ANALYSIS = YES;
				CLANG_WARN_STRICT_PROTOTYPES = YES;
				CLANG_WARN_SUSPICIOUS_MOVE = YES;
				CLANG_WARN_UNGUARDED_AVAILABILITY = YES_AGGRESSIVE;
				CLANG_WARN_UNREACHABLE_CODE = YES;
				CLANG_WARN__DUPLICATE_METHOD_MATCH = YES;
				CODE_SIGN_IDENTITY = "iPhone Developer";
				COPY_PHASE_STRIP = NO;
				DEBUG_INFORMATION_FORMAT = "dwarf-with-dsym";
				ENABLE_NS_ASSERTIONS = NO;
				ENABLE_STRICT_OBJC_MSGSEND = YES;
				GCC_C_LANGUAGE_STANDARD = gnu11;
				GCC_NO_COMMON_BLOCKS = YES;
				GCC_WARN_64_TO_32_BIT_CONVERSION = YES;
				GCC_WARN_ABOUT_RETURN_TYPE = YES_ERROR;
				GCC_WARN_UNDECLARED_SELECTOR = YES;
				GCC_WARN_UNINITIALIZED_AUTOS = YES_AGGRESSIVE;
				GCC_WARN_UNUSED_FUNCTION = YES;
				GCC_WARN_UNUSED_VARIABLE = YES;
				IPHONEOS_DEPLOYMENT_TARGET = 11.0;
				MTL_ENABLE_DEBUG_INFO = NO;
				SDKROOT = iphoneos;
				SWIFT_OPTIMIZATION_LEVEL = "-Owholemodule";
				VALIDATE_PRODUCT = YES;
			};
			name = Release;
		};
		0D5DBE511FA21FAE00302061 /* Debug */ = {
			isa = XCBuildConfiguration;
			buildSettings = {
				ASSETCATALOG_COMPILER_APPICON_NAME = AppIcon;
				CODE_SIGN_STYLE = Automatic;
				INFOPLIST_FILE = "$(SRCROOT)/MatthewJ_CSP/Resources/Info.plist";
				LD_RUNPATH_SEARCH_PATHS = "$(inherited) @executable_path/Frameworks";
				PRODUCT_BUNDLE_IDENTIFIER = "CTEC.MatthewJ-CSP";
				PRODUCT_NAME = "$(TARGET_NAME)";
				SWIFT_VERSION = 4.0;
				TARGETED_DEVICE_FAMILY = "1,2";
			};
			name = Debug;
		};
		0D5DBE521FA21FAE00302061 /* Release */ = {
			isa = XCBuildConfiguration;
			buildSettings = {
				ASSETCATALOG_COMPILER_APPICON_NAME = AppIcon;
				CODE_SIGN_STYLE = Automatic;
				INFOPLIST_FILE = "$(SRCROOT)/MatthewJ_CSP/Resources/Info.plist";
				LD_RUNPATH_SEARCH_PATHS = "$(inherited) @executable_path/Frameworks";
				PRODUCT_BUNDLE_IDENTIFIER = "CTEC.MatthewJ-CSP";
				PRODUCT_NAME = "$(TARGET_NAME)";
				SWIFT_VERSION = 4.0;
				TARGETED_DEVICE_FAMILY = "1,2";
			};
			name = Release;
		};
/* End XCBuildConfiguration section */

/* Begin XCConfigurationList section */
		0D5DBE391FA21FAE00302061 /* Build configuration list for PBXProject "MatthewJ_CSP" */ = {
			isa = XCConfigurationList;
			buildConfigurations = (
				0D5DBE4E1FA21FAE00302061 /* Debug */,
				0D5DBE4F1FA21FAE00302061 /* Release */,
			);
			defaultConfigurationIsVisible = 0;
			defaultConfigurationName = Release;
		};
		0D5DBE501FA21FAE00302061 /* Build configuration list for PBXNativeTarget "MatthewJ_CSP" */ = {
			isa = XCConfigurationList;
			buildConfigurations = (
				0D5DBE511FA21FAE00302061 /* Debug */,
				0D5DBE521FA21FAE00302061 /* Release */,
			);
			defaultConfigurationIsVisible = 0;
			defaultConfigurationName = Release;
		};
/* End XCConfigurationList section */
	};
	rootObject = 0D5DBE361FA21FAE00302061 /* Project object */;
}
